
Microsoft Visual Studio Solution File, Format Version 12.00
# Visual Studio 15
VisualStudioVersion = 15.0.27004.2009
MinimumVisualStudioVersion = 10.0.40219.1
Project("{FAE04EC0-301F-11D3-BF4B-00C04F79EFBC}") = "SignalRServer", "SignalRServer\SignalRServer.csproj", "{94B9121B-2092-4670-A8AA-382BD7DD3F8F}"
EndProject
Project("{FAE04EC0-301F-11D3-BF4B-00C04F79EFBC}") = "SignalRClient", "SignalRClient\SignalRClient.csproj", "{675D0048-3B43-40F2-BE2D-2E1F5D6F9179}"
EndProject
Global
	GlobalSection(SolutionConfigurationPlatforms) = preSolution
		Debug|Any CPU = Debug|Any CPU
		Release|Any CPU = Release|Any CPU
	EndGlobalSection
	GlobalSection(ProjectConfigurationPlatforms) = postSolution
		{94B9121B-2092-4670-A8AA-382BD7DD3F8F}.Debug|Any CPU.ActiveCfg = Debug|Any CPU
		{94B9121B-2092-4670-A8AA-382BD7DD3F8F}.Debug|Any CPU.Build.0 = Debug|Any CPU
		{94B9121B-2092-4670-A8AA-382BD7DD3F8F}.Release|Any CPU.ActiveCfg = Release|Any CPU
		{94B9121B-2092-4670-A8AA-382BD7DD3F8F}.Release|Any CPU.Build.0 = Release|Any CPU
		{675D0048-3B43-40F2-BE2D-2E1F5D6F9179}.Debug|Any CPU.ActiveCfg = Debug|Any CPU
		{675D0048-3B43-40F2-BE2D-2E1F5D6F9179}.Debug|Any CPU.Build.0 = Debug|Any CPU
		{675D0048-3B43-40F2-BE2D-2E1F5D6F9179}.Release|Any CPU.ActiveCfg = Release|Any CPU
		{675D0048-3B43-40F2-BE2D-2E1F5D6F9179}.Release|Any CPU.Build.0 = Release|Any CPU
	EndGlobalSection
	GlobalSection(SolutionProperties) = preSolution
		HideSolutionNode = FALSE
	EndGlobalSection
	GlobalSection(ExtensibilityGlobals) = postSolution
		SolutionGuid = {20CAA2BD-7D45-4DF3-B517-37C4E9321203}
	EndGlobalSection
EndGlobal
